
Microsoft Visual Studio Solution File, Format Version 12.00
# Visual Studio 15
VisualStudioVersion = 15.0.28307.329
MinimumVisualStudioVersion = 10.0.40219.1
Project("{FAE04EC0-301F-11D3-BF4B-00C04F79EFBC}") = "Demo.AspNetCore.SignalR.ServerToClientRpc.Server", "Demo.AspNetCore.SignalR.ServerToClientRpc.Server\Demo.AspNetCore.SignalR.ServerToClientRpc.Server.csproj", "{49E00199-001C-46F2-9C67-44EFC4BA1A3A}"
EndProject
Project("{FAE04EC0-301F-11D3-BF4B-00C04F79EFBC}") = "Demo.AspNetCore.SignalR.ServerToClientRpc.Client", "Demo.AspNetCore.SignalR.ServerToClientRpc.Client\Demo.AspNetCore.SignalR.ServerToClientRpc.Client.csproj", "{76A71B2A-0910-473A-BC88-275640392152}"
EndProject
Project("{FAE04EC0-301F-11D3-BF4B-00C04F79EFBC}") = "Demo.AspNetCore.SignalR.ServerToClientRpc.Contract", "Demo.AspNetCore.SignalR.ServerToClientRpc.Contract\Demo.AspNetCore.SignalR.ServerToClientRpc.Contract.csproj", "{AADBD3CB-AF79-4846-B102-B95DAA331211}"
EndProject
Global
	GlobalSection(SolutionConfigurationPlatforms) = preSolution
		Debug|Any CPU = Debug|Any CPU
		Release|Any CPU = Release|Any CPU
	EndGlobalSection
	GlobalSection(ProjectConfigurationPlatforms) = postSolution
		{49E00199-001C-46F2-9C67-44EFC4BA1A3A}.Debug|Any CPU.ActiveCfg = Debug|Any CPU
		{49E00199-001C-46F2-9C67-44EFC4BA1A3A}.Debug|Any CPU.Build.0 = Debug|Any CPU
		{49E00199-001C-46F2-9C67-44EFC4BA1A3A}.Release|Any CPU.ActiveCfg = Release|Any CPU
		{49E00199-001C-46F2-9C67-44EFC4BA1A3A}.Release|Any CPU.Build.0 = Release|Any CPU
		{76A71B2A-0910-473A-BC88-275640392152}.Debug|Any CPU.ActiveCfg = Debug|Any CPU
		{76A71B2A-0910-473A-BC88-275640392152}.Debug|Any CPU.Build.0 = Debug|Any CPU
		{76A71B2A-0910-473A-BC88-275640392152}.Release|Any CPU.ActiveCfg = Release|Any CPU
		{76A71B2A-0910-473A-BC88-275640392152}.Release|Any CPU.Build.0 = Release|Any CPU
		{AADBD3CB-AF79-4846-B102-B95DAA331211}.Debug|Any CPU.ActiveCfg = Debug|Any CPU
		{AADBD3CB-AF79-4846-B102-B95DAA331211}.Debug|Any CPU.Build.0 = Debug|Any CPU
		{AADBD3CB-AF79-4846-B102-B95DAA331211}.Release|Any CPU.ActiveCfg = Release|Any CPU
		{AADBD3CB-AF79-4846-B102-B95DAA331211}.Release|Any CPU.Build.0 = Release|Any CPU
	EndGlobalSection
	GlobalSection(SolutionProperties) = preSolution
		HideSolutionNode = FALSE
	EndGlobalSection
	GlobalSection(ExtensibilityGlobals) = postSolution
		SolutionGuid = {6A4F6734-F59D-46B7-AEB5-F6ED2E0219D9}
	EndGlobalSection
EndGlobal
